
Microsoft Visual Studio Solution File, Format Version 12.00
# Visual Studio 15
VisualStudioVersion = 15.0.28010.2003
MinimumVisualStudioVersion = 10.0.40219.1
Project("{FAE04EC0-301F-11D3-BF4B-00C04F79EFBC}") = "CsharpEindProjectV3", "CsharpEindProjectV3\CsharpEindProjectV3.csproj", "{44D36A45-7CC5-47BF-A897-EAC0646E8FAD}"
EndProject
Project("{FAE04EC0-301F-11D3-BF4B-00C04F79EFBC}") = "ServerMain", "ServerMain\ServerMain.csproj", "{37915F76-B212-4363-A037-223C284AF08A}"
EndProject
Project("{FAE04EC0-301F-11D3-BF4B-00C04F79EFBC}") = "PlayerUI", "PlayerUI\PlayerUI.csproj", "{59E6B19C-F78D-48A9-8984-63B718020F86}"
EndProject
Global
	GlobalSection(SolutionConfigurationPlatforms) = preSolution
		Debug|Any CPU = Debug|Any CPU
		Release|Any CPU = Release|Any CPU
	EndGlobalSection
	GlobalSection(ProjectConfigurationPlatforms) = postSolution
		{44D36A45-7CC5-47BF-A897-EAC0646E8FAD}.Debug|Any CPU.ActiveCfg = Debug|Any CPU
		{44D36A45-7CC5-47BF-A897-EAC0646E8FAD}.Debug|Any CPU.Build.0 = Debug|Any CPU
		{44D36A45-7CC5-47BF-A897-EAC0646E8FAD}.Release|Any CPU.ActiveCfg = Release|Any CPU
		{44D36A45-7CC5-47BF-A897-EAC0646E8FAD}.Release|Any CPU.Build.0 = Release|Any CPU
		{37915F76-B212-4363-A037-223C284AF08A}.Debug|Any CPU.ActiveCfg = Debug|Any CPU
		{37915F76-B212-4363-A037-223C284AF08A}.Debug|Any CPU.Build.0 = Debug|Any CPU
		{37915F76-B212-4363-A037-223C284AF08A}.Release|Any CPU.ActiveCfg = Release|Any CPU
		{37915F76-B212-4363-A037-223C284AF08A}.Release|Any CPU.Build.0 = Release|Any CPU
		{59E6B19C-F78D-48A9-8984-63B718020F86}.Debug|Any CPU.ActiveCfg = Debug|Any CPU
		{59E6B19C-F78D-48A9-8984-63B718020F86}.Debug|Any CPU.Build.0 = Debug|Any CPU
		{59E6B19C-F78D-48A9-8984-63B718020F86}.Release|Any CPU.ActiveCfg = Release|Any CPU
		{59E6B19C-F78D-48A9-8984-63B718020F86}.Release|Any CPU.Build.0 = Release|Any CPU
	EndGlobalSection
	GlobalSection(SolutionProperties) = preSolution
		HideSolutionNode = FALSE
	EndGlobalSection
	GlobalSection(ExtensibilityGlobals) = postSolution
		SolutionGuid = {6CD5B3E7-5572-4880-92CB-6A74029FF117}
	EndGlobalSection
EndGlobal
